
Microsoft Visual Studio Solution File, Format Version 12.00
# Visual Studio Version 16
VisualStudioVersion = 16.0.29905.134
MinimumVisualStudioVersion = 10.0.40219.1
Project("{FAE04EC0-301F-11D3-BF4B-00C04F79EFBC}") = "ProjectInformationSample", "ProjectInformationSample.csproj", "{9CD3D204-54D3-42E0-A4CB-66359556576C}"
EndProject
Global
	GlobalSection(SolutionConfigurationPlatforms) = preSolution
		Debug|Any CPU = Debug|Any CPU
		Release|Any CPU = Release|Any CPU
	EndGlobalSection
	GlobalSection(ProjectConfigurationPlatforms) = postSolution
		{9CD3D204-54D3-42E0-A4CB-66359556576C}.Debug|Any CPU.ActiveCfg = Debug|Any CPU
		{9CD3D204-54D3-42E0-A4CB-66359556576C}.Debug|Any CPU.Build.0 = Debug|Any CPU
		{9CD3D204-54D3-42E0-A4CB-66359556576C}.Release|Any CPU.ActiveCfg = Release|Any CPU
		{9CD3D204-54D3-42E0-A4CB-66359556576C}.Release|Any CPU.Build.0 = Release|Any CPU
	EndGlobalSection
	GlobalSection(SolutionProperties) = preSolution
		HideSolutionNode = FALSE
	EndGlobalSection
	GlobalSection(ExtensibilityGlobals) = postSolution
		SolutionGuid = {C35220ED-6259-4587-ABF9-0D864138E5FB}
	EndGlobalSection
EndGlobal
